
Microsoft Visual Studio Solution File, Format Version 12.00
# Visual Studio 2017
Project("{FAE04EC0-301F-11D3-BF4B-00C04F79EFBC}") = "Endless Scramble - Copy", "Endless Scramble - Copy.csproj", "{2650FCDF-2BD9-A523-1DA6-C300B443C7A4}"
EndProject
Project("{FAE04EC0-301F-11D3-BF4B-00C04F79EFBC}") = "Endless Scramble - Copy.Editor", "Endless Scramble - Copy.Editor.csproj", "{77177668-04B5-8AA4-F2F8-6379D93020A5}"
EndProject
Global
	GlobalSection(SolutionConfigurationPlatforms) = preSolution
		Debug|Any CPU = Debug|Any CPU
		Release|Any CPU = Release|Any CPU
	EndGlobalSection
	GlobalSection(ProjectConfigurationPlatforms) = postSolution
		{2650FCDF-2BD9-A523-1DA6-C300B443C7A4}.Debug|Any CPU.ActiveCfg = Debug|Any CPU
		{2650FCDF-2BD9-A523-1DA6-C300B443C7A4}.Debug|Any CPU.Build.0 = Debug|Any CPU
		{2650FCDF-2BD9-A523-1DA6-C300B443C7A4}.Release|Any CPU.ActiveCfg = Release|Any CPU
		{2650FCDF-2BD9-A523-1DA6-C300B443C7A4}.Release|Any CPU.Build.0 = Release|Any CPU
		{77177668-04B5-8AA4-F2F8-6379D93020A5}.Debug|Any CPU.ActiveCfg = Debug|Any CPU
		{77177668-04B5-8AA4-F2F8-6379D93020A5}.Debug|Any CPU.Build.0 = Debug|Any CPU
		{77177668-04B5-8AA4-F2F8-6379D93020A5}.Release|Any CPU.ActiveCfg = Release|Any CPU
		{77177668-04B5-8AA4-F2F8-6379D93020A5}.Release|Any CPU.Build.0 = Release|Any CPU
	EndGlobalSection
	GlobalSection(SolutionProperties) = preSolution
		HideSolutionNode = FALSE
	EndGlobalSection
EndGlobal
