
Microsoft Visual Studio Solution File, Format Version 12.00
# Visual Studio 2017
Project("{FAE04EC0-301F-11D3-BF4B-00C04F79EFBC}") = "Endless Scramble", "Endless Scramble.csproj", "{7BEA970F-5B23-6D98-E8E4-56F3F5F75756}"
EndProject
Project("{FAE04EC0-301F-11D3-BF4B-00C04F79EFBC}") = "Endless Scramble.Editor", "Endless Scramble.Editor.csproj", "{9F61787E-1F09-B4BD-B200-51B59A256169}"
EndProject
Global
	GlobalSection(SolutionConfigurationPlatforms) = preSolution
		Debug|Any CPU = Debug|Any CPU
		Release|Any CPU = Release|Any CPU
	EndGlobalSection
	GlobalSection(ProjectConfigurationPlatforms) = postSolution
		{7BEA970F-5B23-6D98-E8E4-56F3F5F75756}.Debug|Any CPU.ActiveCfg = Debug|Any CPU
		{7BEA970F-5B23-6D98-E8E4-56F3F5F75756}.Debug|Any CPU.Build.0 = Debug|Any CPU
		{7BEA970F-5B23-6D98-E8E4-56F3F5F75756}.Release|Any CPU.ActiveCfg = Release|Any CPU
		{7BEA970F-5B23-6D98-E8E4-56F3F5F75756}.Release|Any CPU.Build.0 = Release|Any CPU
		{9F61787E-1F09-B4BD-B200-51B59A256169}.Debug|Any CPU.ActiveCfg = Debug|Any CPU
		{9F61787E-1F09-B4BD-B200-51B59A256169}.Debug|Any CPU.Build.0 = Debug|Any CPU
		{9F61787E-1F09-B4BD-B200-51B59A256169}.Release|Any CPU.ActiveCfg = Release|Any CPU
		{9F61787E-1F09-B4BD-B200-51B59A256169}.Release|Any CPU.Build.0 = Release|Any CPU
	EndGlobalSection
	GlobalSection(SolutionProperties) = preSolution
		HideSolutionNode = FALSE
	EndGlobalSection
EndGlobal
